
Microsoft Visual Studio Solution File, Format Version 12.00
# Visual Studio Version 17
VisualStudioVersion = 17.14.36429.23 d17.14
MinimumVisualStudioVersion = 10.0.40219.1
Project("{FAE04EC0-301F-11D3-BF4B-00C04F79EFBC}") = "DudesInSpace", "DudesInSpace\DudesInSpace.csproj", "{C745CBB9-0B1D-4AB2-96AF-C14701585956}"
EndProject
Global
	GlobalSection(SolutionConfigurationPlatforms) = preSolution
		Debug|Any CPU = Debug|Any CPU
		Release|Any CPU = Release|Any CPU
	EndGlobalSection
	GlobalSection(ProjectConfigurationPlatforms) = postSolution
		{C745CBB9-0B1D-4AB2-96AF-C14701585956}.Debug|Any CPU.ActiveCfg = Debug|Any CPU
		{C745CBB9-0B1D-4AB2-96AF-C14701585956}.Debug|Any CPU.Build.0 = Debug|Any CPU
		{C745CBB9-0B1D-4AB2-96AF-C14701585956}.Release|Any CPU.ActiveCfg = Release|Any CPU
		{C745CBB9-0B1D-4AB2-96AF-C14701585956}.Release|Any CPU.Build.0 = Release|Any CPU
	EndGlobalSection
	GlobalSection(SolutionProperties) = preSolution
		HideSolutionNode = FALSE
	EndGlobalSection
	GlobalSection(ExtensibilityGlobals) = postSolution
		SolutionGuid = {302D457A-CD5F-4A13-AA66-00C2FA173D55}
	EndGlobalSection
EndGlobal
